
Microsoft Visual Studio Solution File, Format Version 12.00
# Visual Studio Version 17
VisualStudioVersion = 17.9.34607.119
MinimumVisualStudioVersion = 10.0.40219.1
Project("{FAE04EC0-301F-11D3-BF4B-00C04F79EFBC}") = "ASP.CQRS", "ASP.CQRS\ASP.CQRS.csproj", "{95E1C4D7-559B-4B46-A22B-A2A4E6FC71C8}"
EndProject
Global
	GlobalSection(SolutionConfigurationPlatforms) = preSolution
		Debug|Any CPU = Debug|Any CPU
		Release|Any CPU = Release|Any CPU
	EndGlobalSection
	GlobalSection(ProjectConfigurationPlatforms) = postSolution
		{95E1C4D7-559B-4B46-A22B-A2A4E6FC71C8}.Debug|Any CPU.ActiveCfg = Debug|Any CPU
		{95E1C4D7-559B-4B46-A22B-A2A4E6FC71C8}.Debug|Any CPU.Build.0 = Debug|Any CPU
		{95E1C4D7-559B-4B46-A22B-A2A4E6FC71C8}.Release|Any CPU.ActiveCfg = Release|Any CPU
		{95E1C4D7-559B-4B46-A22B-A2A4E6FC71C8}.Release|Any CPU.Build.0 = Release|Any CPU
	EndGlobalSection
	GlobalSection(SolutionProperties) = preSolution
		HideSolutionNode = FALSE
	EndGlobalSection
	GlobalSection(ExtensibilityGlobals) = postSolution
		SolutionGuid = {9FDEBCBE-C9F7-4575-AD2D-4BB2E9B5ABBD}
	EndGlobalSection
EndGlobal
